{
  "name": "react-code-splitting",
  "version": "0.1.0",
  "lockfileVersion": 1,
  "requires": true,
  "dependencies": {
    "@types/anymatch": {
      "version": "1.3.1",
      "resolved": "https://registry.npmjs.org/@types/anymatch/-/anymatch-1.3.1.tgz",
      "integrity": "sha512-/+CRPXpBDpo2RK9C68N3b2cOvO0Cf5B9aPijHsoDQTHivnGSObdOF2BRQOYjojWTDy6nQvMjmqRXIxH55VjxxA==",
      "dev": true
    },
    "@types/prop-types": {
      "version": "15.7.1",
      "resolved": "https://registry.npmjs.org/@types/prop-types/-/prop-types-15.7.1.tgz",
      "integrity": "sha512-CFzn9idOEpHrgdw8JsoTkaDDyRWk1jrzIV8djzcgpq0y9tG4B4lFT+Nxh52DVpDXV+n4+NPNv7M1Dj5uMp6XFg==",
      "dev": true
    },
    "@types/react-cache": {
      "version": "2.0.1",
      "resolved": "https://registry.npmjs.org/@types/react-cache/-/react-cache-2.0.1.tgz",
      "integrity": "sha512-5T8/ZF+uw5RLmmO0JItAwZs3rDh1b61xxHFw4SSEFMIkkE673oIfpfLxD7fbT3UZtAKN7HTvyhJDKYIQZMK7Lg=="
    },
    "@types/react-loadable": {
      "version": "5.5.1",
      "resolved": "https://registry.npmjs.org/@types/react-loadable/-/react-loadable-5.5.1.tgz",
      "integrity": "sha512-PSmh6IT9vHeO9QjhApMMiJ65T0Amrpf3fom+04ur872IdgCZK9MzjeN3Q11bzgQMkrV448sbT8WopQw9o0LX1g==",
      "dev": true,
      "requires": {
        "@types/react": "16.8.24",
        "@types/webpack": "4.32.1"
      },
      "dependencies": {
        "@types/react": {
          "version": "16.8.24",
          "resolved": "https://registry.npmjs.org/@types/react/-/react-16.8.24.tgz",
          "integrity": "sha512-VpFHUoD37YNY2+lr/+c7qL/tZsIU/bKuskUF3tmGUArbxIcQdb5j3zvo4cuuzu2A6UaVmVn7sJ4PgWYNFEBGzg==",
          "dev": true,
          "requires": {
            "@types/prop-types": "15.7.1",
            "csstype": "2.6.6"
          }
        }
      }
    },
    "@types/tapable": {
      "version": "1.0.4",
      "resolved": "https://registry.npmjs.org/@types/tapable/-/tapable-1.0.4.tgz",
      "integrity": "sha512-78AdXtlhpCHT0K3EytMpn4JNxaf5tbqbLcbIRoQIHzpTIyjpxLQKRoxU55ujBXAtg3Nl2h/XWvfDa9dsMOd0pQ==",
      "dev": true
    },
    "@types/uglify-js": {
      "version": "3.0.4",
      "resolved": "https://registry.npmjs.org/@types/uglify-js/-/uglify-js-3.0.4.tgz",
      "integrity": "sha512-SudIN9TRJ+v8g5pTG8RRCqfqTMNqgWCKKd3vtynhGzkIIjxaicNAMuY5TRadJ6tzDu3Dotf3ngaMILtmOdmWEQ==",
      "dev": true,
      "requires": {
        "source-map": "0.6.1"
      }
    },
    "@types/webpack": {
      "version": "4.32.1",
      "resolved": "https://registry.npmjs.org/@types/webpack/-/webpack-4.32.1.tgz",
      "integrity": "sha512-9n38CBx9uga1FEAdTipnt0EkbKpsCJFh7xJb1LE65FFb/A6OOLFX022vYsGC1IyVCZ/GroNg9u/RMmlDxGcLIw==",
      "dev": true,
      "requires": {
        "@types/anymatch": "1.3.1",
        "@types/node": "12.6.9",
        "@types/tapable": "1.0.4",
        "@types/uglify-js": "3.0.4",
        "source-map": "0.6.1"
      },
      "dependencies": {
        "@types/node": {
          "version": "12.6.9",
          "resolved": "https://registry.npmjs.org/@types/node/-/node-12.6.9.tgz",
          "integrity": "sha512-+YB9FtyxXGyD54p8rXwWaN1EWEyar5L58GlGWgtH2I9rGmLGBQcw63+0jw+ujqVavNuO47S1ByAjm9zdHMnskw==",
          "dev": true
        }
      }
    },
    "csstype": {
      "version": "2.6.6",
      "resolved": "https://registry.npmjs.org/csstype/-/csstype-2.6.6.tgz",
      "integrity": "sha512-RpFbQGUE74iyPgvr46U9t1xoQBM8T4BL8SxrN66Le2xYAPSaDJJKeztV3awugusb3g3G9iL8StmkBBXhcbbXhg==",
      "dev": true
    },
    "source-map": {
      "version": "0.6.1",
      "resolved": "https://registry.npmjs.org/source-map/-/source-map-0.6.1.tgz",
      "integrity": "sha512-UjgapumWlbMhkBgzT7Ykc5YXUT46F0iKu8SGXq0bcwP5dz/h0Plj6enJqjz1Zbq2l5WaqYnrVbwWOWMyF3F47g==",
      "dev": true
    }
  }
}
